
Microsoft Visual Studio Solution File, Format Version 12.00
# Visual Studio Version 17
VisualStudioVersion = 17.9.34622.214
MinimumVisualStudioVersion = 10.0.40219.1
Project("{FAE04EC0-301F-11D3-BF4B-00C04F79EFBC}") = "braidingweb", "braidingweb\braidingweb.csproj", "{046104BB-D260-40C2-948B-9657914E2235}"
EndProject
Global
	GlobalSection(SolutionConfigurationPlatforms) = preSolution
		Debug|Any CPU = Debug|Any CPU
		Release|Any CPU = Release|Any CPU
	EndGlobalSection
	GlobalSection(ProjectConfigurationPlatforms) = postSolution
		{046104BB-D260-40C2-948B-9657914E2235}.Debug|Any CPU.ActiveCfg = Debug|Any CPU
		{046104BB-D260-40C2-948B-9657914E2235}.Debug|Any CPU.Build.0 = Debug|Any CPU
		{046104BB-D260-40C2-948B-9657914E2235}.Release|Any CPU.ActiveCfg = Release|Any CPU
		{046104BB-D260-40C2-948B-9657914E2235}.Release|Any CPU.Build.0 = Release|Any CPU
	EndGlobalSection
	GlobalSection(SolutionProperties) = preSolution
		HideSolutionNode = FALSE
	EndGlobalSection
	GlobalSection(ExtensibilityGlobals) = postSolution
		SolutionGuid = {9753ECFA-E308-44ED-851E-CA2A0F8F0277}
	EndGlobalSection
EndGlobal
